
Microsoft Visual Studio Solution File, Format Version 12.00
# Visual Studio Version 16
VisualStudioVersion = 16.0.30104.148
MinimumVisualStudioVersion = 10.0.40219.1
Project("{FAE04EC0-301F-11D3-BF4B-00C04F79EFBC}") = "DemoUWP", "DemoUWP\DemoUWP.csproj", "{E2F27F8B-DD9F-42C0-B967-581C123D20CC}"
EndProject
Project("{FAE04EC0-301F-11D3-BF4B-00C04F79EFBC}") = "DemoWF", "DemoWF\DemoWF.csproj", "{6B6E8C6E-DC8C-40C1-9D27-CD5AF41C9923}"
EndProject
Project("{9A19103F-16F7-4668-BE54-9A1E7A4F7556}") = "DemoCommon", "DemoCommon\DemoCommon.csproj", "{2B19F12F-6D72-415C-9154-6351AB650C3C}"
EndProject
Global
	GlobalSection(SolutionConfigurationPlatforms) = preSolution
		Debug|Any CPU = Debug|Any CPU
		Debug|ARM = Debug|ARM
		Debug|ARM64 = Debug|ARM64
		Debug|x64 = Debug|x64
		Debug|x86 = Debug|x86
		Release|Any CPU = Release|Any CPU
		Release|ARM = Release|ARM
		Release|ARM64 = Release|ARM64
		Release|x64 = Release|x64
		Release|x86 = Release|x86
	EndGlobalSection
	GlobalSection(ProjectConfigurationPlatforms) = postSolution
		{E2F27F8B-DD9F-42C0-B967-581C123D20CC}.Debug|Any CPU.ActiveCfg = Debug|x86
		{E2F27F8B-DD9F-42C0-B967-581C123D20CC}.Debug|Any CPU.Build.0 = Debug|x86
		{E2F27F8B-DD9F-42C0-B967-581C123D20CC}.Debug|Any CPU.Deploy.0 = Debug|x86
		{E2F27F8B-DD9F-42C0-B967-581C123D20CC}.Debug|ARM.ActiveCfg = Debug|ARM
		{E2F27F8B-DD9F-42C0-B967-581C123D20CC}.Debug|ARM.Build.0 = Debug|ARM
		{E2F27F8B-DD9F-42C0-B967-581C123D20CC}.Debug|ARM.Deploy.0 = Debug|ARM
		{E2F27F8B-DD9F-42C0-B967-581C123D20CC}.Debug|ARM64.ActiveCfg = Debug|ARM64
		{E2F27F8B-DD9F-42C0-B967-581C123D20CC}.Debug|ARM64.Build.0 = Debug|ARM64
		{E2F27F8B-DD9F-42C0-B967-581C123D20CC}.Debug|ARM64.Deploy.0 = Debug|ARM64
		{E2F27F8B-DD9F-42C0-B967-581C123D20CC}.Debug|x64.ActiveCfg = Debug|x64
		{E2F27F8B-DD9F-42C0-B967-581C123D20CC}.Debug|x64.Build.0 = Debug|x64
		{E2F27F8B-DD9F-42C0-B967-581C123D20CC}.Debug|x64.Deploy.0 = Debug|x64
		{E2F27F8B-DD9F-42C0-B967-581C123D20CC}.Debug|x86.ActiveCfg = Debug|x86
		{E2F27F8B-DD9F-42C0-B967-581C123D20CC}.Debug|x86.Build.0 = Debug|x86
		{E2F27F8B-DD9F-42C0-B967-581C123D20CC}.Debug|x86.Deploy.0 = Debug|x86
		{E2F27F8B-DD9F-42C0-B967-581C123D20CC}.Release|Any CPU.ActiveCfg = Release|x86
		{E2F27F8B-DD9F-42C0-B967-581C123D20CC}.Release|ARM.ActiveCfg = Release|ARM
		{E2F27F8B-DD9F-42C0-B967-581C123D20CC}.Release|ARM.Build.0 = Release|ARM
		{E2F27F8B-DD9F-42C0-B967-581C123D20CC}.Release|ARM.Deploy.0 = Release|ARM
		{E2F27F8B-DD9F-42C0-B967-581C123D20CC}.Release|ARM64.ActiveCfg = Release|ARM64
		{E2F27F8B-DD9F-42C0-B967-581C123D20CC}.Release|ARM64.Build.0 = Release|ARM64
		{E2F27F8B-DD9F-42C0-B967-581C123D20CC}.Release|ARM64.Deploy.0 = Release|ARM64
		{E2F27F8B-DD9F-42C0-B967-581C123D20CC}.Release|x64.ActiveCfg = Release|x64
		{E2F27F8B-DD9F-42C0-B967-581C123D20CC}.Release|x64.Build.0 = Release|x64
		{E2F27F8B-DD9F-42C0-B967-581C123D20CC}.Release|x64.Deploy.0 = Release|x64
		{E2F27F8B-DD9F-42C0-B967-581C123D20CC}.Release|x86.ActiveCfg = Release|x86
		{E2F27F8B-DD9F-42C0-B967-581C123D20CC}.Release|x86.Build.0 = Release|x86
		{E2F27F8B-DD9F-42C0-B967-581C123D20CC}.Release|x86.Deploy.0 = Release|x86
		{6B6E8C6E-DC8C-40C1-9D27-CD5AF41C9923}.Debug|Any CPU.ActiveCfg = Debug|Any CPU
		{6B6E8C6E-DC8C-40C1-9D27-CD5AF41C9923}.Debug|Any CPU.Build.0 = Debug|Any CPU
		{6B6E8C6E-DC8C-40C1-9D27-CD5AF41C9923}.Debug|ARM.ActiveCfg = Debug|Any CPU
		{6B6E8C6E-DC8C-40C1-9D27-CD5AF41C9923}.Debug|ARM.Build.0 = Debug|Any CPU
		{6B6E8C6E-DC8C-40C1-9D27-CD5AF41C9923}.Debug|ARM64.ActiveCfg = Debug|Any CPU
		{6B6E8C6E-DC8C-40C1-9D27-CD5AF41C9923}.Debug|ARM64.Build.0 = Debug|Any CPU
		{6B6E8C6E-DC8C-40C1-9D27-CD5AF41C9923}.Debug|x64.ActiveCfg = Debug|Any CPU
		{6B6E8C6E-DC8C-40C1-9D27-CD5AF41C9923}.Debug|x64.Build.0 = Debug|Any CPU
		{6B6E8C6E-DC8C-40C1-9D27-CD5AF41C9923}.Debug|x86.ActiveCfg = Debug|Any CPU
		{6B6E8C6E-DC8C-40C1-9D27-CD5AF41C9923}.Debug|x86.Build.0 = Debug|Any CPU
		{6B6E8C6E-DC8C-40C1-9D27-CD5AF41C9923}.Release|Any CPU.ActiveCfg = Release|Any CPU
		{6B6E8C6E-DC8C-40C1-9D27-CD5AF41C9923}.Release|Any CPU.Build.0 = Release|Any CPU
		{6B6E8C6E-DC8C-40C1-9D27-CD5AF41C9923}.Release|ARM.ActiveCfg = Release|Any CPU
		{6B6E8C6E-DC8C-40C1-9D27-CD5AF41C9923}.Release|ARM.Build.0 = Release|Any CPU
		{6B6E8C6E-DC8C-40C1-9D27-CD5AF41C9923}.Release|ARM64.ActiveCfg = Release|Any CPU
		{6B6E8C6E-DC8C-40C1-9D27-CD5AF41C9923}.Release|ARM64.Build.0 = Release|Any CPU
		{6B6E8C6E-DC8C-40C1-9D27-CD5AF41C9923}.Release|x64.ActiveCfg = Release|Any CPU
		{6B6E8C6E-DC8C-40C1-9D27-CD5AF41C9923}.Release|x64.Build.0 = Release|Any CPU
		{6B6E8C6E-DC8C-40C1-9D27-CD5AF41C9923}.Release|x86.ActiveCfg = Release|Any CPU
		{6B6E8C6E-DC8C-40C1-9D27-CD5AF41C9923}.Release|x86.Build.0 = Release|Any CPU
		{2B19F12F-6D72-415C-9154-6351AB650C3C}.Debug|Any CPU.ActiveCfg = Debug|Any CPU
		{2B19F12F-6D72-415C-9154-6351AB650C3C}.Debug|Any CPU.Build.0 = Debug|Any CPU
		{2B19F12F-6D72-415C-9154-6351AB650C3C}.Debug|ARM.ActiveCfg = Debug|Any CPU
		{2B19F12F-6D72-415C-9154-6351AB650C3C}.Debug|ARM.Build.0 = Debug|Any CPU
		{2B19F12F-6D72-415C-9154-6351AB650C3C}.Debug|ARM64.ActiveCfg = Debug|Any CPU
		{2B19F12F-6D72-415C-9154-6351AB650C3C}.Debug|ARM64.Build.0 = Debug|Any CPU
		{2B19F12F-6D72-415C-9154-6351AB650C3C}.Debug|x64.ActiveCfg = Debug|Any CPU
		{2B19F12F-6D72-415C-9154-6351AB650C3C}.Debug|x64.Build.0 = Debug|Any CPU
		{2B19F12F-6D72-415C-9154-6351AB650C3C}.Debug|x86.ActiveCfg = Debug|Any CPU
		{2B19F12F-6D72-415C-9154-6351AB650C3C}.Debug|x86.Build.0 = Debug|Any CPU
		{2B19F12F-6D72-415C-9154-6351AB650C3C}.Release|Any CPU.ActiveCfg = Release|Any CPU
		{2B19F12F-6D72-415C-9154-6351AB650C3C}.Release|Any CPU.Build.0 = Release|Any CPU
		{2B19F12F-6D72-415C-9154-6351AB650C3C}.Release|ARM.ActiveCfg = Release|Any CPU
		{2B19F12F-6D72-415C-9154-6351AB650C3C}.Release|ARM.Build.0 = Release|Any CPU
		{2B19F12F-6D72-415C-9154-6351AB650C3C}.Release|ARM64.ActiveCfg = Release|Any CPU
		{2B19F12F-6D72-415C-9154-6351AB650C3C}.Release|ARM64.Build.0 = Release|Any CPU
		{2B19F12F-6D72-415C-9154-6351AB650C3C}.Release|x64.ActiveCfg = Release|Any CPU
		{2B19F12F-6D72-415C-9154-6351AB650C3C}.Release|x64.Build.0 = Release|Any CPU
		{2B19F12F-6D72-415C-9154-6351AB650C3C}.Release|x86.ActiveCfg = Release|Any CPU
		{2B19F12F-6D72-415C-9154-6351AB650C3C}.Release|x86.Build.0 = Release|Any CPU
	EndGlobalSection
	GlobalSection(SolutionProperties) = preSolution
		HideSolutionNode = FALSE
	EndGlobalSection
	GlobalSection(ExtensibilityGlobals) = postSolution
		SolutionGuid = {5379CB91-3FB9-45A5-A85B-1A2306974E78}
	EndGlobalSection
EndGlobal
